// !$*UTF8*$!
{
	archiveVersion = 1;
	classes = {
	};
	objectVersion = 46;
	objects = {

/* Begin PBXBuildFile section */
		5305A0C520A0DA7F0040A9A9 /* IBMPlexSans-SemiBold.ttf in Resources */ = {isa = PBXBuildFile; fileRef = 5305A0B520A0DA7F0040A9A9 /* IBMPlexSans-SemiBold.ttf */; };
		5332084E1F9A99CA008354F7 /* LuminaDeviceUtil.swift in Sources */ = {isa = PBXBuildFile; fileRef = 5332084D1F9A99CA008354F7 /* LuminaDeviceUtil.swift */; };
		5365BFD61F79941900B8F338 /* LuminaObjectRecognizer.swift in Sources */ = {isa = PBXBuildFile; fileRef = 5365BFD51F79941900B8F338 /* LuminaObjectRecognizer.swift */; };
		5373B3C41FC386C600C197BD /* FileRecordingExtension.swift in Sources */ = {isa = PBXBuildFile; fileRef = 5373B3C31FC386C600C197BD /* FileRecordingExtension.swift */; };
		5373B3C61FC387EE00C197BD /* DepthDataExtension.swift in Sources */ = {isa = PBXBuildFile; fileRef = 5373B3C51FC387EE00C197BD /* DepthDataExtension.swift */; };
		5373B3C81FC3882900C197BD /* SampleBufferExtension.swift in Sources */ = {isa = PBXBuildFile; fileRef = 5373B3C71FC3882900C197BD /* SampleBufferExtension.swift */; };
		5373B3CB1FC3AFF900C197BD /* VideoDataOutputSampleBufferDelegateExtension.swift in Sources */ = {isa = PBXBuildFile; fileRef = 5373B3CA1FC3AFF900C197BD /* VideoDataOutputSampleBufferDelegateExtension.swift */; };
		5373B3CD1FC3B07A00C197BD /* PhotoCaptureDelegateExtension.swift in Sources */ = {isa = PBXBuildFile; fileRef = 5373B3CC1FC3B07A00C197BD /* PhotoCaptureDelegateExtension.swift */; };
		5373B3CF1FC3B0DA00C197BD /* CapturePhotoExtension.swift in Sources */ = {isa = PBXBuildFile; fileRef = 5373B3CE1FC3B0DA00C197BD /* CapturePhotoExtension.swift */; };
		5373B3D11FC3B14D00C197BD /* MetadataOutputDelegateExtension.swift in Sources */ = {isa = PBXBuildFile; fileRef = 5373B3D01FC3B14D00C197BD /* MetadataOutputDelegateExtension.swift */; };
		5373B3D31FC3B19700C197BD /* FocusHandlerExtension.swift in Sources */ = {isa = PBXBuildFile; fileRef = 5373B3D21FC3B19700C197BD /* FocusHandlerExtension.swift */; };
		5373B3D51FC3B20200C197BD /* CaptureDeviceHandlerExtension.swift in Sources */ = {isa = PBXBuildFile; fileRef = 5373B3D41FC3B20200C197BD /* CaptureDeviceHandlerExtension.swift */; };
		5373B3D71FC3B3F000C197BD /* CameraUtilExtension.swift in Sources */ = {isa = PBXBuildFile; fileRef = 5373B3D61FC3B3F000C197BD /* CameraUtilExtension.swift */; };
		5373B3D91FC3B47E00C197BD /* SessionConfigurationExtension.swift in Sources */ = {isa = PBXBuildFile; fileRef = 5373B3D81FC3B47E00C197BD /* SessionConfigurationExtension.swift */; };
		5373B3DB1FC3B4A300C197BD /* CameraActionsExtension.swift in Sources */ = {isa = PBXBuildFile; fileRef = 5373B3DA1FC3B4A300C197BD /* CameraActionsExtension.swift */; };
		5373B3DF1FC3B8B600C197BD /* LuminaPhotoCapture.swift in Sources */ = {isa = PBXBuildFile; fileRef = 5373B3DE1FC3B8B600C197BD /* LuminaPhotoCapture.swift */; };
		5373B3E21FC3D47500C197BD /* ViewControllerFocusHandlerExtension.swift in Sources */ = {isa = PBXBuildFile; fileRef = 5373B3E11FC3D47500C197BD /* ViewControllerFocusHandlerExtension.swift */; };
		5373B3E41FC3D4DB00C197BD /* ViewControllerButtonFunctions.swift in Sources */ = {isa = PBXBuildFile; fileRef = 5373B3E31FC3D4DB00C197BD /* ViewControllerButtonFunctions.swift */; };
		5373B3E71FC3D50300C197BD /* GestureRecognizerDelegateExtension.swift in Sources */ = {isa = PBXBuildFile; fileRef = 5373B3E61FC3D50300C197BD /* GestureRecognizerDelegateExtension.swift */; };
		5373B3E91FC3D5AA00C197BD /* LuminaCameraDelegateExtension.swift in Sources */ = {isa = PBXBuildFile; fileRef = 5373B3E81FC3D5AA00C197BD /* LuminaCameraDelegateExtension.swift */; };
		5373B3EB1FC3D5D700C197BD /* InterfaceHandlerExtension.swift in Sources */ = {isa = PBXBuildFile; fileRef = 5373B3EA1FC3D5D700C197BD /* InterfaceHandlerExtension.swift */; };
		5373B3ED1FC3D65500C197BD /* LuminaCameraViewSettings.swift in Sources */ = {isa = PBXBuildFile; fileRef = 5373B3EC1FC3D65500C197BD /* LuminaCameraViewSettings.swift */; };
		5373B3EF1FC3D6CD00C197BD /* LuminaDelegate.swift in Sources */ = {isa = PBXBuildFile; fileRef = 5373B3EE1FC3D6CD00C197BD /* LuminaDelegate.swift */; };
		53806FA41F6618230009A0E8 /* LuminaCamera.swift in Sources */ = {isa = PBXBuildFile; fileRef = 53806FA31F6618230009A0E8 /* LuminaCamera.swift */; };
		53806FA61F672F780009A0E8 /* LuminaButton.swift in Sources */ = {isa = PBXBuildFile; fileRef = 53806FA51F672F780009A0E8 /* LuminaButton.swift */; };
		539848301EB8F14300F77AEA /* AVFoundation.framework in Frameworks */ = {isa = PBXBuildFile; fileRef = 5398482F1EB8F14300F77AEA /* AVFoundation.framework */; };
		53B2CE341FF80B5B008287E6 /* HeliumLogger.swift in Sources */ = {isa = PBXBuildFile; fileRef = 53B2CE321FF80B5B008287E6 /* HeliumLogger.swift */; };
		53B2CE351FF80B5B008287E6 /* HeliumStreamLogger.swift in Sources */ = {isa = PBXBuildFile; fileRef = 53B2CE331FF80B5B008287E6 /* HeliumStreamLogger.swift */; };
		53B2CE371FF80BA8008287E6 /* LoggerAPI.swift in Sources */ = {isa = PBXBuildFile; fileRef = 53B2CE361FF80BA8008287E6 /* LoggerAPI.swift */; };
		53B828DA1EAAA07F00E3A624 /* Lumina.framework in Frameworks */ = {isa = PBXBuildFile; fileRef = 53B828D01EAAA07F00E3A624 /* Lumina.framework */; };
		53B828DF1EAAA07F00E3A624 /* LuminaTests.swift in Sources */ = {isa = PBXBuildFile; fileRef = 53B828DE1EAAA07F00E3A624 /* LuminaTests.swift */; };
		53B828E11EAAA07F00E3A624 /* Lumina.h in Headers */ = {isa = PBXBuildFile; fileRef = 53B828D31EAAA07F00E3A624 /* Lumina.h */; settings = {ATTRIBUTES = (Public, ); }; };
		53B8290F1EAAA24600E3A624 /* LuminaViewController.swift in Sources */ = {isa = PBXBuildFile; fileRef = 53B8290E1EAAA24600E3A624 /* LuminaViewController.swift */; };
		53B9CCFB1EBF6C62008E4A43 /* Media.xcassets in Resources */ = {isa = PBXBuildFile; fileRef = 53B9CCFA1EBF6C62008E4A43 /* Media.xcassets */; };
		53B9CCFD1EBFD22E008E4A43 /* LuminaTextPromptView.swift in Sources */ = {isa = PBXBuildFile; fileRef = 53B9CCFC1EBFD22E008E4A43 /* LuminaTextPromptView.swift */; };
		53C06F7520BF0C8F00C03BA6 /* LuminaModel.swift in Sources */ = {isa = PBXBuildFile; fileRef = 53C06F7420BF0C8F00C03BA6 /* LuminaModel.swift */; };
/* End PBXBuildFile section */

/* Begin PBXContainerItemProxy section */
		53B828DB1EAAA07F00E3A624 /* PBXContainerItemProxy */ = {
			isa = PBXContainerItemProxy;
			containerPortal = 53B828C71EAAA07F00E3A624 /* Project object */;
			proxyType = 1;
			remoteGlobalIDString = 53B828CF1EAAA07F00E3A624;
			remoteInfo = Lumina;
		};
/* End PBXContainerItemProxy section */

/* Begin PBXFileReference section */
		509FF65F1F9D2F6300FD62CD /* README.md */ = {isa = PBXFileReference; lastKnownFileType = net.daringfireball.markdown; name = README.md; path = ../README.md; sourceTree = "<group>"; };
		5305A0B520A0DA7F0040A9A9 /* IBMPlexSans-SemiBold.ttf */ = {isa = PBXFileReference; lastKnownFileType = file; path = "IBMPlexSans-SemiBold.ttf"; sourceTree = "<group>"; };
		5332084D1F9A99CA008354F7 /* LuminaDeviceUtil.swift */ = {isa = PBXFileReference; lastKnownFileType = sourcecode.swift; path = LuminaDeviceUtil.swift; sourceTree = "<group>"; };
		5365BFD51F79941900B8F338 /* LuminaObjectRecognizer.swift */ = {isa = PBXFileReference; lastKnownFileType = sourcecode.swift; path = LuminaObjectRecognizer.swift; sourceTree = "<group>"; };
		5373B3C31FC386C600C197BD /* FileRecordingExtension.swift */ = {isa = PBXFileReference; lastKnownFileType = sourcecode.swift; path = FileRecordingExtension.swift; sourceTree = "<group>"; };
		5373B3C51FC387EE00C197BD /* DepthDataExtension.swift */ = {isa = PBXFileReference; lastKnownFileType = sourcecode.swift; path = DepthDataExtension.swift; sourceTree = "<group>"; };
		5373B3C71FC3882900C197BD /* SampleBufferExtension.swift */ = {isa = PBXFileReference; lastKnownFileType = sourcecode.swift; path = SampleBufferExtension.swift; sourceTree = "<group>"; };
		5373B3CA1FC3AFF900C197BD /* VideoDataOutputSampleBufferDelegateExtension.swift */ = {isa = PBXFileReference; lastKnownFileType = sourcecode.swift; path = VideoDataOutputSampleBufferDelegateExtension.swift; sourceTree = "<group>"; };
		5373B3CC1FC3B07A00C197BD /* PhotoCaptureDelegateExtension.swift */ = {isa = PBXFileReference; lastKnownFileType = sourcecode.swift; path = PhotoCaptureDelegateExtension.swift; sourceTree = "<group>"; };
		5373B3CE1FC3B0DA00C197BD /* CapturePhotoExtension.swift */ = {isa = PBXFileReference; lastKnownFileType = sourcecode.swift; path = CapturePhotoExtension.swift; sourceTree = "<group>"; };
		5373B3D01FC3B14D00C197BD /* MetadataOutputDelegateExtension.swift */ = {isa = PBXFileReference; lastKnownFileType = sourcecode.swift; path = MetadataOutputDelegateExtension.swift; sourceTree = "<group>"; };
		5373B3D21FC3B19700C197BD /* FocusHandlerExtension.swift */ = {isa = PBXFileReference; lastKnownFileType = sourcecode.swift; path = FocusHandlerExtension.swift; sourceTree = "<group>"; };
		5373B3D41FC3B20200C197BD /* CaptureDeviceHandlerExtension.swift */ = {isa = PBXFileReference; lastKnownFileType = sourcecode.swift; path = CaptureDeviceHandlerExtension.swift; sourceTree = "<group>"; };
		5373B3D61FC3B3F000C197BD /* CameraUtilExtension.swift */ = {isa = PBXFileReference; lastKnownFileType = sourcecode.swift; path = CameraUtilExtension.swift; sourceTree = "<group>"; };
		5373B3D81FC3B47E00C197BD /* SessionConfigurationExtension.swift */ = {isa = PBXFileReference; lastKnownFileType = sourcecode.swift; path = SessionConfigurationExtension.swift; sourceTree = "<group>"; };
		5373B3DA1FC3B4A300C197BD /* CameraActionsExtension.swift */ = {isa = PBXFileReference; lastKnownFileType = sourcecode.swift; path = CameraActionsExtension.swift; sourceTree = "<group>"; };
		5373B3DE1FC3B8B600C197BD /* LuminaPhotoCapture.swift */ = {isa = PBXFileReference; lastKnownFileType = sourcecode.swift; path = LuminaPhotoCapture.swift; sourceTree = "<group>"; };
		5373B3E11FC3D47500C197BD /* ViewControllerFocusHandlerExtension.swift */ = {isa = PBXFileReference; lastKnownFileType = sourcecode.swift; path = ViewControllerFocusHandlerExtension.swift; sourceTree = "<group>"; };
		5373B3E31FC3D4DB00C197BD /* ViewControllerButtonFunctions.swift */ = {isa = PBXFileReference; lastKnownFileType = sourcecode.swift; path = ViewControllerButtonFunctions.swift; sourceTree = "<group>"; };
		5373B3E61FC3D50300C197BD /* GestureRecognizerDelegateExtension.swift */ = {isa = PBXFileReference; lastKnownFileType = sourcecode.swift; path = GestureRecognizerDelegateExtension.swift; sourceTree = "<group>"; };
		5373B3E81FC3D5AA00C197BD /* LuminaCameraDelegateExtension.swift */ = {isa = PBXFileReference; lastKnownFileType = sourcecode.swift; path = LuminaCameraDelegateExtension.swift; sourceTree = "<group>"; };
		5373B3EA1FC3D5D700C197BD /* InterfaceHandlerExtension.swift */ = {isa = PBXFileReference; lastKnownFileType = sourcecode.swift; path = InterfaceHandlerExtension.swift; sourceTree = "<group>"; };
		5373B3EC1FC3D65500C197BD /* LuminaCameraViewSettings.swift */ = {isa = PBXFileReference; lastKnownFileType = sourcecode.swift; path = LuminaCameraViewSettings.swift; sourceTree = "<group>"; };
		5373B3EE1FC3D6CD00C197BD /* LuminaDelegate.swift */ = {isa = PBXFileReference; lastKnownFileType = sourcecode.swift; path = LuminaDelegate.swift; sourceTree = "<group>"; };
		53806FA31F6618230009A0E8 /* LuminaCamera.swift */ = {isa = PBXFileReference; lastKnownFileType = sourcecode.swift; path = LuminaCamera.swift; sourceTree = "<group>"; };
		53806FA51F672F780009A0E8 /* LuminaButton.swift */ = {isa = PBXFileReference; lastKnownFileType = sourcecode.swift; path = LuminaButton.swift; sourceTree = "<group>"; };
		5398482F1EB8F14300F77AEA /* AVFoundation.framework */ = {isa = PBXFileReference; lastKnownFileType = wrapper.framework; name = AVFoundation.framework; path = System/Library/Frameworks/AVFoundation.framework; sourceTree = SDKROOT; };
		53B2CE321FF80B5B008287E6 /* HeliumLogger.swift */ = {isa = PBXFileReference; fileEncoding = 4; lastKnownFileType = sourcecode.swift; path = HeliumLogger.swift; sourceTree = "<group>"; };
		53B2CE331FF80B5B008287E6 /* HeliumStreamLogger.swift */ = {isa = PBXFileReference; fileEncoding = 4; lastKnownFileType = sourcecode.swift; path = HeliumStreamLogger.swift; sourceTree = "<group>"; };
		53B2CE361FF80BA8008287E6 /* LoggerAPI.swift */ = {isa = PBXFileReference; lastKnownFileType = sourcecode.swift; path = LoggerAPI.swift; sourceTree = "<group>"; };
		53B828D01EAAA07F00E3A624 /* Lumina.framework */ = {isa = PBXFileReference; explicitFileType = wrapper.framework; includeInIndex = 0; path = Lumina.framework; sourceTree = BUILT_PRODUCTS_DIR; };
		53B828D31EAAA07F00E3A624 /* Lumina.h */ = {isa = PBXFileReference; lastKnownFileType = sourcecode.c.h; path = Lumina.h; sourceTree = "<group>"; };
		53B828D41EAAA07F00E3A624 /* Info.plist */ = {isa = PBXFileReference; lastKnownFileType = text.plist.xml; path = Info.plist; sourceTree = "<group>"; };
		53B828D91EAAA07F00E3A624 /* LuminaTests.xctest */ = {isa = PBXFileReference; explicitFileType = wrapper.cfbundle; includeInIndex = 0; path = LuminaTests.xctest; sourceTree = BUILT_PRODUCTS_DIR; };
		53B828DE1EAAA07F00E3A624 /* LuminaTests.swift */ = {isa = PBXFileReference; lastKnownFileType = sourcecode.swift; path = LuminaTests.swift; sourceTree = "<group>"; };
		53B828E01EAAA07F00E3A624 /* Info.plist */ = {isa = PBXFileReference; lastKnownFileType = text.plist.xml; path = Info.plist; sourceTree = "<group>"; };
		53B8290E1EAAA24600E3A624 /* LuminaViewController.swift */ = {isa = PBXFileReference; fileEncoding = 4; lastKnownFileType = sourcecode.swift; path = LuminaViewController.swift; sourceTree = "<group>"; };
		53B9CCFA1EBF6C62008E4A43 /* Media.xcassets */ = {isa = PBXFileReference; lastKnownFileType = folder.assetcatalog; path = Media.xcassets; sourceTree = "<group>"; };
		53B9CCFC1EBFD22E008E4A43 /* LuminaTextPromptView.swift */ = {isa = PBXFileReference; fileEncoding = 4; lastKnownFileType = sourcecode.swift; path = LuminaTextPromptView.swift; sourceTree = "<group>"; };
		53C06F7420BF0C8F00C03BA6 /* LuminaModel.swift */ = {isa = PBXFileReference; lastKnownFileType = sourcecode.swift; path = LuminaModel.swift; sourceTree = "<group>"; };
/* End PBXFileReference section */

/* Begin PBXFrameworksBuildPhase section */
		53B828CC1EAAA07F00E3A624 /* Frameworks */ = {
			isa = PBXFrameworksBuildPhase;
			buildActionMask = 2147483647;
			files = (
				539848301EB8F14300F77AEA /* AVFoundation.framework in Frameworks */,
			);
			runOnlyForDeploymentPostprocessing = 0;
		};
		53B828D61EAAA07F00E3A624 /* Frameworks */ = {
			isa = PBXFrameworksBuildPhase;
			buildActionMask = 2147483647;
			files = (
				53B828DA1EAAA07F00E3A624 /* Lumina.framework in Frameworks */,
			);
			runOnlyForDeploymentPostprocessing = 0;
		};
/* End PBXFrameworksBuildPhase section */

/* Begin PBXGroup section */
		5305A0AA20A0DA630040A9A9 /* Fonts */ = {
			isa = PBXGroup;
			children = (
				5305A0B520A0DA7F0040A9A9 /* IBMPlexSans-SemiBold.ttf */,
			);
			path = Fonts;
			sourceTree = "<group>";
		};
		5373B3C11FC3868200C197BD /* Camera */ = {
			isa = PBXGroup;
			children = (
				5332084D1F9A99CA008354F7 /* LuminaDeviceUtil.swift */,
				53C06F7420BF0C8F00C03BA6 /* LuminaModel.swift */,
				53806FA31F6618230009A0E8 /* LuminaCamera.swift */,
				5373B3DE1FC3B8B600C197BD /* LuminaPhotoCapture.swift */,
				5365BFD51F79941900B8F338 /* LuminaObjectRecognizer.swift */,
				5373B3C21FC3868B00C197BD /* Extensions */,
			);
			path = Camera;
			sourceTree = "<group>";
		};
		5373B3C21FC3868B00C197BD /* Extensions */ = {
			isa = PBXGroup;
			children = (
				5373B3DA1FC3B4A300C197BD /* CameraActionsExtension.swift */,
				5373B3D81FC3B47E00C197BD /* SessionConfigurationExtension.swift */,
				5373B3C71FC3882900C197BD /* SampleBufferExtension.swift */,
				5373B3CE1FC3B0DA00C197BD /* CapturePhotoExtension.swift */,
				5373B3D21FC3B19700C197BD /* FocusHandlerExtension.swift */,
				5373B3D41FC3B20200C197BD /* CaptureDeviceHandlerExtension.swift */,
				5373B3D61FC3B3F000C197BD /* CameraUtilExtension.swift */,
				5373B3C91FC3AF2000C197BD /* Delegates */,
			);
			path = Extensions;
			sourceTree = "<group>";
		};
		5373B3C91FC3AF2000C197BD /* Delegates */ = {
			isa = PBXGroup;
			children = (
				5373B3C31FC386C600C197BD /* FileRecordingExtension.swift */,
				5373B3C51FC387EE00C197BD /* DepthDataExtension.swift */,
				5373B3CA1FC3AFF900C197BD /* VideoDataOutputSampleBufferDelegateExtension.swift */,
				5373B3CC1FC3B07A00C197BD /* PhotoCaptureDelegateExtension.swift */,
				5373B3D01FC3B14D00C197BD /* MetadataOutputDelegateExtension.swift */,
			);
			path = Delegates;
			sourceTree = "<group>";
		};
		5373B3DC1FC3B78300C197BD /* UI */ = {
			isa = PBXGroup;
			children = (
				53B9CCFA1EBF6C62008E4A43 /* Media.xcassets */,
				53806FA51F672F780009A0E8 /* LuminaButton.swift */,
				53B9CCFC1EBFD22E008E4A43 /* LuminaTextPromptView.swift */,
				53B8290E1EAAA24600E3A624 /* LuminaViewController.swift */,
				5373B3EC1FC3D65500C197BD /* LuminaCameraViewSettings.swift */,
				5373B3E01FC3D44500C197BD /* Extensions */,
			);
			path = UI;
			sourceTree = "<group>";
		};
		5373B3DD1FC3B7B600C197BD /* Util */ = {
			isa = PBXGroup;
			children = (
				5305A0AA20A0DA630040A9A9 /* Fonts */,
				53B2CE311FF80B4D008287E6 /* Logging */,
				53B828D31EAAA07F00E3A624 /* Lumina.h */,
				53B828D41EAAA07F00E3A624 /* Info.plist */,
			);
			path = Util;
			sourceTree = "<group>";
		};
		5373B3E01FC3D44500C197BD /* Extensions */ = {
			isa = PBXGroup;
			children = (
				5373B3E11FC3D47500C197BD /* ViewControllerFocusHandlerExtension.swift */,
				5373B3E31FC3D4DB00C197BD /* ViewControllerButtonFunctions.swift */,
				5373B3EA1FC3D5D700C197BD /* InterfaceHandlerExtension.swift */,
				5373B3E51FC3D4F100C197BD /* Delegates */,
			);
			path = Extensions;
			sourceTree = "<group>";
		};
		5373B3E51FC3D4F100C197BD /* Delegates */ = {
			isa = PBXGroup;
			children = (
				5373B3E61FC3D50300C197BD /* GestureRecognizerDelegateExtension.swift */,
				5373B3E81FC3D5AA00C197BD /* LuminaCameraDelegateExtension.swift */,
				5373B3EE1FC3D6CD00C197BD /* LuminaDelegate.swift */,
			);
			path = Delegates;
			sourceTree = "<group>";
		};
		5398482E1EB8F14300F77AEA /* Frameworks */ = {
			isa = PBXGroup;
			children = (
				5398482F1EB8F14300F77AEA /* AVFoundation.framework */,
			);
			name = Frameworks;
			sourceTree = "<group>";
		};
		53B2CE311FF80B4D008287E6 /* Logging */ = {
			isa = PBXGroup;
			children = (
				53B2CE321FF80B5B008287E6 /* HeliumLogger.swift */,
				53B2CE331FF80B5B008287E6 /* HeliumStreamLogger.swift */,
				53B2CE361FF80BA8008287E6 /* LoggerAPI.swift */,
			);
			path = Logging;
			sourceTree = "<group>";
		};
		53B828C61EAAA07F00E3A624 = {
			isa = PBXGroup;
			children = (
				509FF65F1F9D2F6300FD62CD /* README.md */,
				53B828D21EAAA07F00E3A624 /* Lumina */,
				53B828DD1EAAA07F00E3A624 /* LuminaTests */,
				53B828D11EAAA07F00E3A624 /* Products */,
				5398482E1EB8F14300F77AEA /* Frameworks */,
			);
			sourceTree = "<group>";
		};
		53B828D11EAAA07F00E3A624 /* Products */ = {
			isa = PBXGroup;
			children = (
				53B828D01EAAA07F00E3A624 /* Lumina.framework */,
				53B828D91EAAA07F00E3A624 /* LuminaTests.xctest */,
			);
			name = Products;
			sourceTree = "<group>";
		};
		53B828D21EAAA07F00E3A624 /* Lumina */ = {
			isa = PBXGroup;
			children = (
				5373B3DD1FC3B7B600C197BD /* Util */,
				5373B3DC1FC3B78300C197BD /* UI */,
				5373B3C11FC3868200C197BD /* Camera */,
			);
			path = Lumina;
			sourceTree = "<group>";
		};
		53B828DD1EAAA07F00E3A624 /* LuminaTests */ = {
			isa = PBXGroup;
			children = (
				53B828DE1EAAA07F00E3A624 /* LuminaTests.swift */,
				53B828E01EAAA07F00E3A624 /* Info.plist */,
			);
			path = LuminaTests;
			sourceTree = "<group>";
		};
/* End PBXGroup section */

/* Begin PBXHeadersBuildPhase section */
		53B828CD1EAAA07F00E3A624 /* Headers */ = {
			isa = PBXHeadersBuildPhase;
			buildActionMask = 2147483647;
			files = (
				53B828E11EAAA07F00E3A624 /* Lumina.h in Headers */,
			);
			runOnlyForDeploymentPostprocessing = 0;
		};
/* End PBXHeadersBuildPhase section */

/* Begin PBXNativeTarget section */
		53B828CF1EAAA07F00E3A624 /* Lumina */ = {
			isa = PBXNativeTarget;
			buildConfigurationList = 53B828E41EAAA07F00E3A624 /* Build configuration list for PBXNativeTarget "Lumina" */;
			buildPhases = (
				53B828CB1EAAA07F00E3A624 /* Sources */,
				53B828CC1EAAA07F00E3A624 /* Frameworks */,
				53B828CD1EAAA07F00E3A624 /* Headers */,
				53B828CE1EAAA07F00E3A624 /* Resources */,
				53BA17D71FB8EA44005BE2FF /* Swiftlint */,
			);
			buildRules = (
			);
			dependencies = (
			);
			name = Lumina;
			productName = Lumina;
			productReference = 53B828D01EAAA07F00E3A624 /* Lumina.framework */;
			productType = "com.apple.product-type.framework";
		};
		53B828D81EAAA07F00E3A624 /* LuminaTests */ = {
			isa = PBXNativeTarget;
			buildConfigurationList = 53B828E71EAAA07F00E3A624 /* Build configuration list for PBXNativeTarget "LuminaTests" */;
			buildPhases = (
				53B828D51EAAA07F00E3A624 /* Sources */,
				53B828D61EAAA07F00E3A624 /* Frameworks */,
				53B828D71EAAA07F00E3A624 /* Resources */,
			);
			buildRules = (
			);
			dependencies = (
				53B828DC1EAAA07F00E3A624 /* PBXTargetDependency */,
			);
			name = LuminaTests;
			productName = LuminaTests;
			productReference = 53B828D91EAAA07F00E3A624 /* LuminaTests.xctest */;
			productType = "com.apple.product-type.bundle.unit-test";
		};
/* End PBXNativeTarget section */

/* Begin PBXProject section */
		53B828C71EAAA07F00E3A624 /* Project object */ = {
			isa = PBXProject;
			attributes = {
				LastSwiftUpdateCheck = 0820;
				LastUpgradeCheck = 1020;
				ORGANIZATIONNAME = "David Okun";
				TargetAttributes = {
					53B828CF1EAAA07F00E3A624 = {
						CreatedOnToolsVersion = 8.2.1;
						LastSwiftMigration = 1020;
						ProvisioningStyle = Automatic;
					};
					53B828D81EAAA07F00E3A624 = {
						CreatedOnToolsVersion = 8.2.1;
						DevelopmentTeam = RQ632LL2X3;
						LastSwiftMigration = 0900;
						ProvisioningStyle = Automatic;
					};
				};
			};
			buildConfigurationList = 53B828CA1EAAA07F00E3A624 /* Build configuration list for PBXProject "Lumina" */;
			compatibilityVersion = "Xcode 3.2";
			developmentRegion = en;
			hasScannedForEncodings = 0;
			knownRegions = (
				en,
				Base,
			);
			mainGroup = 53B828C61EAAA07F00E3A624;
			productRefGroup = 53B828D11EAAA07F00E3A624 /* Products */;
			projectDirPath = "";
			projectRoot = "";
			targets = (
				53B828CF1EAAA07F00E3A624 /* Lumina */,
				53B828D81EAAA07F00E3A624 /* LuminaTests */,
			);
		};
/* End PBXProject section */

/* Begin PBXResourcesBuildPhase section */
		53B828CE1EAAA07F00E3A624 /* Resources */ = {
			isa = PBXResourcesBuildPhase;
			buildActionMask = 2147483647;
			files = (
				53B9CCFB1EBF6C62008E4A43 /* Media.xcassets in Resources */,
				5305A0C520A0DA7F0040A9A9 /* IBMPlexSans-SemiBold.ttf in Resources */,
			);
			runOnlyForDeploymentPostprocessing = 0;
		};
		53B828D71EAAA07F00E3A624 /* Resources */ = {
			isa = PBXResourcesBuildPhase;
			buildActionMask = 2147483647;
			files = (
			);
			runOnlyForDeploymentPostprocessing = 0;
		};
/* End PBXResourcesBuildPhase section */

/* Begin PBXShellScriptBuildPhase section */
		53BA17D71FB8EA44005BE2FF /* Swiftlint */ = {
			isa = PBXShellScriptBuildPhase;
			buildActionMask = 2147483647;
			files = (
			);
			inputPaths = (
			);
			name = Swiftlint;
			outputPaths = (
			);
			runOnlyForDeploymentPostprocessing = 0;
			shellPath = /bin/sh;
			shellScript = "cd ..\nif which swiftlint >/dev/null; then\n    swiftlint\nelse\n    echo \"warning: swiftlint not installed\"\nfi";
		};
/* End PBXShellScriptBuildPhase section */

/* Begin PBXSourcesBuildPhase section */
		53B828CB1EAAA07F00E3A624 /* Sources */ = {
			isa = PBXSourcesBuildPhase;
			buildActionMask = 2147483647;
			files = (
				5373B3DB1FC3B4A300C197BD /* CameraActionsExtension.swift in Sources */,
				53806FA41F6618230009A0E8 /* LuminaCamera.swift in Sources */,
				5373B3D31FC3B19700C197BD /* FocusHandlerExtension.swift in Sources */,
				5373B3DF1FC3B8B600C197BD /* LuminaPhotoCapture.swift in Sources */,
				53B8290F1EAAA24600E3A624 /* LuminaViewController.swift in Sources */,
				5373B3C41FC386C600C197BD /* FileRecordingExtension.swift in Sources */,
				5373B3EF1FC3D6CD00C197BD /* LuminaDelegate.swift in Sources */,
				53B2CE341FF80B5B008287E6 /* HeliumLogger.swift in Sources */,
				5373B3ED1FC3D65500C197BD /* LuminaCameraViewSettings.swift in Sources */,
				5373B3EB1FC3D5D700C197BD /* InterfaceHandlerExtension.swift in Sources */,
				5373B3E21FC3D47500C197BD /* ViewControllerFocusHandlerExtension.swift in Sources */,
				53C06F7520BF0C8F00C03BA6 /* LuminaModel.swift in Sources */,
				5373B3CB1FC3AFF900C197BD /* VideoDataOutputSampleBufferDelegateExtension.swift in Sources */,
				53806FA61F672F780009A0E8 /* LuminaButton.swift in Sources */,
				53B9CCFD1EBFD22E008E4A43 /* LuminaTextPromptView.swift in Sources */,
				5373B3E91FC3D5AA00C197BD /* LuminaCameraDelegateExtension.swift in Sources */,
				5365BFD61F79941900B8F338 /* LuminaObjectRecognizer.swift in Sources */,
				5373B3D71FC3B3F000C197BD /* CameraUtilExtension.swift in Sources */,
				5332084E1F9A99CA008354F7 /* LuminaDeviceUtil.swift in Sources */,
				5373B3D91FC3B47E00C197BD /* SessionConfigurationExtension.swift in Sources */,
				53B2CE351FF80B5B008287E6 /* HeliumStreamLogger.swift in Sources */,
				5373B3CD1FC3B07A00C197BD /* PhotoCaptureDelegateExtension.swift in Sources */,
				5373B3CF1FC3B0DA00C197BD /* CapturePhotoExtension.swift in Sources */,
				5373B3E71FC3D50300C197BD /* GestureRecognizerDelegateExtension.swift in Sources */,
				5373B3C61FC387EE00C197BD /* DepthDataExtension.swift in Sources */,
				5373B3C81FC3882900C197BD /* SampleBufferExtension.swift in Sources */,
				5373B3D11FC3B14D00C197BD /* MetadataOutputDelegateExtension.swift in Sources */,
				5373B3D51FC3B20200C197BD /* CaptureDeviceHandlerExtension.swift in Sources */,
				5373B3E41FC3D4DB00C197BD /* ViewControllerButtonFunctions.swift in Sources */,
				53B2CE371FF80BA8008287E6 /* LoggerAPI.swift in Sources */,
			);
			runOnlyForDeploymentPostprocessing = 0;
		};
		53B828D51EAAA07F00E3A624 /* Sources */ = {
			isa = PBXSourcesBuildPhase;
			buildActionMask = 2147483647;
			files = (
				53B828DF1EAAA07F00E3A624 /* LuminaTests.swift in Sources */,
			);
			runOnlyForDeploymentPostprocessing = 0;
		};
/* End PBXSourcesBuildPhase section */

/* Begin PBXTargetDependency section */
		53B828DC1EAAA07F00E3A624 /* PBXTargetDependency */ = {
			isa = PBXTargetDependency;
			target = 53B828CF1EAAA07F00E3A624 /* Lumina */;
			targetProxy = 53B828DB1EAAA07F00E3A624 /* PBXContainerItemProxy */;
		};
/* End PBXTargetDependency section */

/* Begin XCBuildConfiguration section */
		53B828E21EAAA07F00E3A624 /* Debug */ = {
			isa = XCBuildConfiguration;
			buildSettings = {
				ALWAYS_SEARCH_USER_PATHS = NO;
				CLANG_ANALYZER_LOCALIZABILITY_NONLOCALIZED = YES;
				CLANG_ANALYZER_NONNULL = YES;
				CLANG_CXX_LANGUAGE_STANDARD = "gnu++0x";
				CLANG_CXX_LIBRARY = "libc++";
				CLANG_ENABLE_MODULES = YES;
				CLANG_ENABLE_OBJC_ARC = YES;
				CLANG_WARN_BLOCK_CAPTURE_AUTORELEASING = YES;
				CLANG_WARN_BOOL_CONVERSION = YES;
				CLANG_WARN_COMMA = YES;
				CLANG_WARN_CONSTANT_CONVERSION = YES;
				CLANG_WARN_DEPRECATED_OBJC_IMPLEMENTATIONS = YES;
				CLANG_WARN_DIRECT_OBJC_ISA_USAGE = YES_ERROR;
				CLANG_WARN_DOCUMENTATION_COMMENTS = YES;
				CLANG_WARN_EMPTY_BODY = YES;
				CLANG_WARN_ENUM_CONVERSION = YES;
				CLANG_WARN_INFINITE_RECURSION = YES;
				CLANG_WARN_INT_CONVERSION = YES;
				CLANG_WARN_NON_LITERAL_NULL_CONVERSION = YES;
				CLANG_WARN_OBJC_IMPLICIT_RETAIN_SELF = YES;
				CLANG_WARN_OBJC_LITERAL_CONVERSION = YES;
				CLANG_WARN_OBJC_ROOT_CLASS = YES_ERROR;
				CLANG_WARN_RANGE_LOOP_ANALYSIS = YES;
				CLANG_WARN_STRICT_PROTOTYPES = YES;
				CLANG_WARN_SUSPICIOUS_MOVE = YES;
				CLANG_WARN_UNREACHABLE_CODE = YES;
				CLANG_WARN__DUPLICATE_METHOD_MATCH = YES;
				"CODE_SIGN_IDENTITY[sdk=iphoneos*]" = "iPhone Developer";
				COPY_PHASE_STRIP = NO;
				CURRENT_PROJECT_VERSION = 1;
				DEBUG_INFORMATION_FORMAT = dwarf;
				ENABLE_STRICT_OBJC_MSGSEND = YES;
				ENABLE_TESTABILITY = YES;
				GCC_C_LANGUAGE_STANDARD = gnu99;
				GCC_DYNAMIC_NO_PIC = NO;
				GCC_NO_COMMON_BLOCKS = YES;
				GCC_OPTIMIZATION_LEVEL = 0;
				GCC_PREPROCESSOR_DEFINITIONS = (
					"DEBUG=1",
					"$(inherited)",
				);
				GCC_WARN_64_TO_32_BIT_CONVERSION = YES;
				GCC_WARN_ABOUT_RETURN_TYPE = YES_ERROR;
				GCC_WARN_UNDECLARED_SELECTOR = YES;
				GCC_WARN_UNINITIALIZED_AUTOS = YES_AGGRESSIVE;
				GCC_WARN_UNUSED_FUNCTION = YES;
				GCC_WARN_UNUSED_VARIABLE = YES;
				IPHONEOS_DEPLOYMENT_TARGET = 10.2;
				MTL_ENABLE_DEBUG_INFO = YES;
				ONLY_ACTIVE_ARCH = YES;
				SDKROOT = iphoneos;
				SWIFT_ACTIVE_COMPILATION_CONDITIONS = DEBUG;
				SWIFT_OPTIMIZATION_LEVEL = "-Onone";
				TARGETED_DEVICE_FAMILY = "1,2";
				VERSIONING_SYSTEM = "apple-generic";
				VERSION_INFO_PREFIX = "";
			};
			name = Debug;
		};
		53B828E31EAAA07F00E3A624 /* Release */ = {
			isa = XCBuildConfiguration;
			buildSettings = {
				ALWAYS_SEARCH_USER_PATHS = NO;
				CLANG_ANALYZER_LOCALIZABILITY_NONLOCALIZED = YES;
				CLANG_ANALYZER_NONNULL = YES;
				CLANG_CXX_LANGUAGE_STANDARD = "gnu++0x";
				CLANG_CXX_LIBRARY = "libc++";
				CLANG_ENABLE_MODULES = YES;
				CLANG_ENABLE_OBJC_ARC = YES;
				CLANG_WARN_BLOCK_CAPTURE_AUTORELEASING = YES;
				CLANG_WARN_BOOL_CONVERSION = YES;
				CLANG_WARN_COMMA = YES;
				CLANG_WARN_CONSTANT_CONVERSION = YES;
				CLANG_WARN_DEPRECATED_OBJC_IMPLEMENTATIONS = YES;
				CLANG_WARN_DIRECT_OBJC_ISA_USAGE = YES_ERROR;
				CLANG_WARN_DOCUMENTATION_COMMENTS = YES;
				CLANG_WARN_EMPTY_BODY = YES;
				CLANG_WARN_ENUM_CONVERSION = YES;
				CLANG_WARN_INFINITE_RECURSION = YES;
				CLANG_WARN_INT_CONVERSION = YES;
				CLANG_WARN_NON_LITERAL_NULL_CONVERSION = YES;
				CLANG_WARN_OBJC_IMPLICIT_RETAIN_SELF = YES;
				CLANG_WARN_OBJC_LITERAL_CONVERSION = YES;
				CLANG_WARN_OBJC_ROOT_CLASS = YES_ERROR;
				CLANG_WARN_RANGE_LOOP_ANALYSIS = YES;
				CLANG_WARN_STRICT_PROTOTYPES = YES;
				CLANG_WARN_SUSPICIOUS_MOVE = YES;
				CLANG_WARN_UNREACHABLE_CODE = YES;
				CLANG_WARN__DUPLICATE_METHOD_MATCH = YES;
				"CODE_SIGN_IDENTITY[sdk=iphoneos*]" = "iPhone Developer";
				COPY_PHASE_STRIP = NO;
				CURRENT_PROJECT_VERSION = 1;
				DEBUG_INFORMATION_FORMAT = "dwarf-with-dsym";
				ENABLE_NS_ASSERTIONS = NO;
				ENABLE_STRICT_OBJC_MSGSEND = YES;
				GCC_C_LANGUAGE_STANDARD = gnu99;
				GCC_NO_COMMON_BLOCKS = YES;
				GCC_WARN_64_TO_32_BIT_CONVERSION = YES;
				GCC_WARN_ABOUT_RETURN_TYPE = YES_ERROR;
				GCC_WARN_UNDECLARED_SELECTOR = YES;
				GCC_WARN_UNINITIALIZED_AUTOS = YES_AGGRESSIVE;
				GCC_WARN_UNUSED_FUNCTION = YES;
				GCC_WARN_UNUSED_VARIABLE = YES;
				IPHONEOS_DEPLOYMENT_TARGET = 10.2;
				MTL_ENABLE_DEBUG_INFO = NO;
				SDKROOT = iphoneos;
				SWIFT_OPTIMIZATION_LEVEL = "-Owholemodule";
				TARGETED_DEVICE_FAMILY = "1,2";
				VALIDATE_PRODUCT = YES;
				VERSIONING_SYSTEM = "apple-generic";
				VERSION_INFO_PREFIX = "";
			};
			name = Release;
		};
		53B828E51EAAA07F00E3A624 /* Debug */ = {
			isa = XCBuildConfiguration;
			buildSettings = {
				CLANG_ENABLE_MODULES = YES;
				CODE_SIGN_IDENTITY = "";
				DEFINES_MODULE = YES;
				DEVELOPMENT_TEAM = "";
				DYLIB_COMPATIBILITY_VERSION = 1;
				DYLIB_CURRENT_VERSION = 1;
				DYLIB_INSTALL_NAME_BASE = "@rpath";
				INFOPLIST_FILE = "$(SRCROOT)/Lumina/Util/Info.plist";
				INSTALL_PATH = "$(LOCAL_LIBRARY_DIR)/Frameworks";
				IPHONEOS_DEPLOYMENT_TARGET = 11.0;
				LD_RUNPATH_SEARCH_PATHS = "$(inherited) @executable_path/Frameworks @loader_path/Frameworks";
				PRODUCT_BUNDLE_IDENTIFIER = com.okun.io.Lumina;
				PRODUCT_NAME = "$(TARGET_NAME)";
				SKIP_INSTALL = YES;
				SWIFT_OPTIMIZATION_LEVEL = "-Onone";
				SWIFT_VERSION = 5.0;
			};
			name = Debug;
		};
		53B828E61EAAA07F00E3A624 /* Release */ = {
			isa = XCBuildConfiguration;
			buildSettings = {
				CLANG_ENABLE_MODULES = YES;
				CODE_SIGN_IDENTITY = "";
				DEFINES_MODULE = YES;
				DEVELOPMENT_TEAM = "";
				DYLIB_COMPATIBILITY_VERSION = 1;
				DYLIB_CURRENT_VERSION = 1;
				DYLIB_INSTALL_NAME_BASE = "@rpath";
				INFOPLIST_FILE = "$(SRCROOT)/Lumina/Util/Info.plist";
				INSTALL_PATH = "$(LOCAL_LIBRARY_DIR)/Frameworks";
				IPHONEOS_DEPLOYMENT_TARGET = 11.0;
				LD_RUNPATH_SEARCH_PATHS = "$(inherited) @executable_path/Frameworks @loader_path/Frameworks";
				PRODUCT_BUNDLE_IDENTIFIER = com.okun.io.Lumina;
				PRODUCT_NAME = "$(TARGET_NAME)";
				SKIP_INSTALL = YES;
				SWIFT_VERSION = 5.0;
			};
			name = Release;
		};
		53B828E81EAAA07F00E3A624 /* Debug */ = {
			isa = XCBuildConfiguration;
			buildSettings = {
				ALWAYS_EMBED_SWIFT_STANDARD_LIBRARIES = YES;
				DEVELOPMENT_TEAM = RQ632LL2X3;
				INFOPLIST_FILE = LuminaTests/Info.plist;
				LD_RUNPATH_SEARCH_PATHS = "$(inherited) @executable_path/Frameworks @loader_path/Frameworks";
				PRODUCT_BUNDLE_IDENTIFIER = com.okun.io.LuminaTests;
				PRODUCT_NAME = "$(TARGET_NAME)";
				SWIFT_SWIFT3_OBJC_INFERENCE = On;
				SWIFT_VERSION = 4.0;
			};
			name = Debug;
		};
		53B828E91EAAA07F00E3A624 /* Release */ = {
			isa = XCBuildConfiguration;
			buildSettings = {
				ALWAYS_EMBED_SWIFT_STANDARD_LIBRARIES = YES;
				DEVELOPMENT_TEAM = RQ632LL2X3;
				INFOPLIST_FILE = LuminaTests/Info.plist;
				LD_RUNPATH_SEARCH_PATHS = "$(inherited) @executable_path/Frameworks @loader_path/Frameworks";
				PRODUCT_BUNDLE_IDENTIFIER = com.okun.io.LuminaTests;
				PRODUCT_NAME = "$(TARGET_NAME)";
				SWIFT_SWIFT3_OBJC_INFERENCE = On;
				SWIFT_VERSION = 4.0;
			};
			name = Release;
		};
/* End XCBuildConfiguration section */

/* Begin XCConfigurationList section */
		53B828CA1EAAA07F00E3A624 /* Build configuration list for PBXProject "Lumina" */ = {
			isa = XCConfigurationList;
			buildConfigurations = (
				53B828E21EAAA07F00E3A624 /* Debug */,
				53B828E31EAAA07F00E3A624 /* Release */,
			);
			defaultConfigurationIsVisible = 0;
			defaultConfigurationName = Release;
		};
		53B828E41EAAA07F00E3A624 /* Build configuration list for PBXNativeTarget "Lumina" */ = {
			isa = XCConfigurationList;
			buildConfigurations = (
				53B828E51EAAA07F00E3A624 /* Debug */,
				53B828E61EAAA07F00E3A624 /* Release */,
			);
			defaultConfigurationIsVisible = 0;
			defaultConfigurationName = Release;
		};
		53B828E71EAAA07F00E3A624 /* Build configuration list for PBXNativeTarget "LuminaTests" */ = {
			isa = XCConfigurationList;
			buildConfigurations = (
				53B828E81EAAA07F00E3A624 /* Debug */,
				53B828E91EAAA07F00E3A624 /* Release */,
			);
			defaultConfigurationIsVisible = 0;
			defaultConfigurationName = Release;
		};
/* End XCConfigurationList section */
	};
	rootObject = 53B828C71EAAA07F00E3A624 /* Project object */;
}
