// !$*UTF8*$!
{
	archiveVersion = 1;
	classes = {
	};
	objectVersion = 46;
	objects = {

/* Begin PBXBuildFile section */
		534C1E9E1F7C3C59001127BC /* ResolutionViewController.swift in Sources */ = {isa = PBXBuildFile; fileRef = 534C1E9D1F7C3C59001127BC /* ResolutionViewController.swift */; };
		5365BFD41F79829800B8F338 /* ImageViewController.swift in Sources */ = {isa = PBXBuildFile; fileRef = 5365BFD31F79829800B8F338 /* ImageViewController.swift */; };
		5365BFDA1F79AAA800B8F338 /* MobileNet.mlmodel in Sources */ = {isa = PBXBuildFile; fileRef = 5365BFD91F79AA9B00B8F338 /* MobileNet.mlmodel */; };
		5373B3F11FC61BBF00C197BD /* SqueezeNet.mlmodel in Sources */ = {isa = PBXBuildFile; fileRef = 5373B3F01FC61BBF00C197BD /* SqueezeNet.mlmodel */; };
		53B2CE391FF81302008287E6 /* LoggingViewController.swift in Sources */ = {isa = PBXBuildFile; fileRef = 53B2CE381FF81302008287E6 /* LoggingViewController.swift */; };
		53B828F71EAAA09000E3A624 /* AppDelegate.swift in Sources */ = {isa = PBXBuildFile; fileRef = 53B828F61EAAA09000E3A624 /* AppDelegate.swift */; };
		53B828F91EAAA09000E3A624 /* ViewController.swift in Sources */ = {isa = PBXBuildFile; fileRef = 53B828F81EAAA09000E3A624 /* ViewController.swift */; };
		53B828FC1EAAA09000E3A624 /* Main.storyboard in Resources */ = {isa = PBXBuildFile; fileRef = 53B828FA1EAAA09000E3A624 /* Main.storyboard */; };
		53B828FE1EAAA09000E3A624 /* Assets.xcassets in Resources */ = {isa = PBXBuildFile; fileRef = 53B828FD1EAAA09000E3A624 /* Assets.xcassets */; };
		53B829011EAAA09000E3A624 /* LaunchScreen.storyboard in Resources */ = {isa = PBXBuildFile; fileRef = 53B828FF1EAAA09000E3A624 /* LaunchScreen.storyboard */; };
		78FC9B5C20550387005F8D5B /* Lumina.framework in Frameworks */ = {isa = PBXBuildFile; fileRef = 78FC9B5B20550387005F8D5B /* Lumina.framework */; };
		78FC9B5D20550387005F8D5B /* Lumina.framework in Embed Frameworks */ = {isa = PBXBuildFile; fileRef = 78FC9B5B20550387005F8D5B /* Lumina.framework */; settings = {ATTRIBUTES = (CodeSignOnCopy, RemoveHeadersOnCopy, ); }; };
/* End PBXBuildFile section */

/* Begin PBXCopyFilesBuildPhase section */
		78FC9B5E20550387005F8D5B /* Embed Frameworks */ = {
			isa = PBXCopyFilesBuildPhase;
			buildActionMask = 2147483647;
			dstPath = "";
			dstSubfolderSpec = 10;
			files = (
				78FC9B5D20550387005F8D5B /* Lumina.framework in Embed Frameworks */,
			);
			name = "Embed Frameworks";
			runOnlyForDeploymentPostprocessing = 0;
		};
/* End PBXCopyFilesBuildPhase section */

/* Begin PBXFileReference section */
		534C1E9D1F7C3C59001127BC /* ResolutionViewController.swift */ = {isa = PBXFileReference; lastKnownFileType = sourcecode.swift; path = ResolutionViewController.swift; sourceTree = "<group>"; };
		5365BFD31F79829800B8F338 /* ImageViewController.swift */ = {isa = PBXFileReference; lastKnownFileType = sourcecode.swift; path = ImageViewController.swift; sourceTree = "<group>"; };
		5365BFD91F79AA9B00B8F338 /* MobileNet.mlmodel */ = {isa = PBXFileReference; lastKnownFileType = file.mlmodel; name = MobileNet.mlmodel; path = LuminaSample/MobileNet.mlmodel; sourceTree = "<group>"; };
		5373B3F01FC61BBF00C197BD /* SqueezeNet.mlmodel */ = {isa = PBXFileReference; lastKnownFileType = file.mlmodel; name = SqueezeNet.mlmodel; path = LuminaSample/SqueezeNet.mlmodel; sourceTree = "<group>"; };
		53B2CE261FF5D434008287E6 /* Lumina.framework */ = {isa = PBXFileReference; lastKnownFileType = wrapper.framework; name = Lumina.framework; path = "../../../Library/Developer/Xcode/DerivedData/Lumina-ayddllynafnebvdypcqglyhzrbnw/Build/Products/Debug-iphoneos/Lumina.framework"; sourceTree = "<group>"; };
		53B2CE381FF81302008287E6 /* LoggingViewController.swift */ = {isa = PBXFileReference; lastKnownFileType = sourcecode.swift; path = LoggingViewController.swift; sourceTree = "<group>"; };
		53B828F31EAAA09000E3A624 /* LuminaSample.app */ = {isa = PBXFileReference; explicitFileType = wrapper.application; includeInIndex = 0; path = LuminaSample.app; sourceTree = BUILT_PRODUCTS_DIR; };
		53B828F61EAAA09000E3A624 /* AppDelegate.swift */ = {isa = PBXFileReference; lastKnownFileType = sourcecode.swift; path = AppDelegate.swift; sourceTree = "<group>"; };
		53B828F81EAAA09000E3A624 /* ViewController.swift */ = {isa = PBXFileReference; lastKnownFileType = sourcecode.swift; path = ViewController.swift; sourceTree = "<group>"; };
		53B828FB1EAAA09000E3A624 /* Base */ = {isa = PBXFileReference; lastKnownFileType = file.storyboard; name = Base; path = Base.lproj/Main.storyboard; sourceTree = "<group>"; };
		53B828FD1EAAA09000E3A624 /* Assets.xcassets */ = {isa = PBXFileReference; lastKnownFileType = folder.assetcatalog; path = Assets.xcassets; sourceTree = "<group>"; };
		53B829001EAAA09000E3A624 /* Base */ = {isa = PBXFileReference; lastKnownFileType = file.storyboard; name = Base; path = Base.lproj/LaunchScreen.storyboard; sourceTree = "<group>"; };
		53B829021EAAA09000E3A624 /* Info.plist */ = {isa = PBXFileReference; lastKnownFileType = text.plist.xml; path = Info.plist; sourceTree = "<group>"; };
		78FC9B5B20550387005F8D5B /* Lumina.framework */ = {isa = PBXFileReference; explicitFileType = wrapper.framework; path = Lumina.framework; sourceTree = BUILT_PRODUCTS_DIR; };
/* End PBXFileReference section */

/* Begin PBXFrameworksBuildPhase section */
		53B828F01EAAA09000E3A624 /* Frameworks */ = {
			isa = PBXFrameworksBuildPhase;
			buildActionMask = 2147483647;
			files = (
				78FC9B5C20550387005F8D5B /* Lumina.framework in Frameworks */,
			);
			runOnlyForDeploymentPostprocessing = 0;
		};
/* End PBXFrameworksBuildPhase section */

/* Begin PBXGroup section */
		53B828EA1EAAA09000E3A624 = {
			isa = PBXGroup;
			children = (
				78FC9B5B20550387005F8D5B /* Lumina.framework */,
				53B828F51EAAA09000E3A624 /* LuminaSample */,
				53B829081EAAA16D00E3A624 /* Frameworks */,
				53B828F41EAAA09000E3A624 /* Products */,
			);
			sourceTree = "<group>";
		};
		53B828F41EAAA09000E3A624 /* Products */ = {
			isa = PBXGroup;
			children = (
				53B828F31EAAA09000E3A624 /* LuminaSample.app */,
			);
			name = Products;
			sourceTree = "<group>";
		};
		53B828F51EAAA09000E3A624 /* LuminaSample */ = {
			isa = PBXGroup;
			children = (
				53B828F61EAAA09000E3A624 /* AppDelegate.swift */,
				53B828F81EAAA09000E3A624 /* ViewController.swift */,
				5365BFD31F79829800B8F338 /* ImageViewController.swift */,
				534C1E9D1F7C3C59001127BC /* ResolutionViewController.swift */,
				53B2CE381FF81302008287E6 /* LoggingViewController.swift */,
				53B828FA1EAAA09000E3A624 /* Main.storyboard */,
				53B828FD1EAAA09000E3A624 /* Assets.xcassets */,
				53B828FF1EAAA09000E3A624 /* LaunchScreen.storyboard */,
				53B829021EAAA09000E3A624 /* Info.plist */,
			);
			path = LuminaSample;
			sourceTree = "<group>";
		};
		53B829081EAAA16D00E3A624 /* Frameworks */ = {
			isa = PBXGroup;
			children = (
				53B2CE261FF5D434008287E6 /* Lumina.framework */,
				5365BFD91F79AA9B00B8F338 /* MobileNet.mlmodel */,
				5373B3F01FC61BBF00C197BD /* SqueezeNet.mlmodel */,
			);
			name = Frameworks;
			sourceTree = "<group>";
		};
/* End PBXGroup section */

/* Begin PBXNativeTarget section */
		53B828F21EAAA09000E3A624 /* LuminaSample */ = {
			isa = PBXNativeTarget;
			buildConfigurationList = 53B829051EAAA09000E3A624 /* Build configuration list for PBXNativeTarget "LuminaSample" */;
			buildPhases = (
				53B828EF1EAAA09000E3A624 /* Sources */,
				53B828F01EAAA09000E3A624 /* Frameworks */,
				53B828F11EAAA09000E3A624 /* Resources */,
				78FC9B5E20550387005F8D5B /* Embed Frameworks */,
			);
			buildRules = (
			);
			dependencies = (
			);
			name = LuminaSample;
			productName = LuminaSample;
			productReference = 53B828F31EAAA09000E3A624 /* LuminaSample.app */;
			productType = "com.apple.product-type.application";
		};
/* End PBXNativeTarget section */

/* Begin PBXProject section */
		53B828EB1EAAA09000E3A624 /* Project object */ = {
			isa = PBXProject;
			attributes = {
				LastSwiftUpdateCheck = 0820;
				LastUpgradeCheck = 1020;
				ORGANIZATIONNAME = "David Okun";
				TargetAttributes = {
					53B828F21EAAA09000E3A624 = {
						CreatedOnToolsVersion = 8.2.1;
						DevelopmentTeam = RQ632LL2X3;
						LastSwiftMigration = 1020;
						ProvisioningStyle = Automatic;
					};
				};
			};
			buildConfigurationList = 53B828EE1EAAA09000E3A624 /* Build configuration list for PBXProject "LuminaSample" */;
			compatibilityVersion = "Xcode 3.2";
			developmentRegion = en;
			hasScannedForEncodings = 0;
			knownRegions = (
				en,
				Base,
			);
			mainGroup = 53B828EA1EAAA09000E3A624;
			productRefGroup = 53B828F41EAAA09000E3A624 /* Products */;
			projectDirPath = "";
			projectRoot = "";
			targets = (
				53B828F21EAAA09000E3A624 /* LuminaSample */,
			);
		};
/* End PBXProject section */

/* Begin PBXResourcesBuildPhase section */
		53B828F11EAAA09000E3A624 /* Resources */ = {
			isa = PBXResourcesBuildPhase;
			buildActionMask = 2147483647;
			files = (
				53B829011EAAA09000E3A624 /* LaunchScreen.storyboard in Resources */,
				53B828FE1EAAA09000E3A624 /* Assets.xcassets in Resources */,
				53B828FC1EAAA09000E3A624 /* Main.storyboard in Resources */,
			);
			runOnlyForDeploymentPostprocessing = 0;
		};
/* End PBXResourcesBuildPhase section */

/* Begin PBXSourcesBuildPhase section */
		53B828EF1EAAA09000E3A624 /* Sources */ = {
			isa = PBXSourcesBuildPhase;
			buildActionMask = 2147483647;
			files = (
				534C1E9E1F7C3C59001127BC /* ResolutionViewController.swift in Sources */,
				53B2CE391FF81302008287E6 /* LoggingViewController.swift in Sources */,
				5373B3F11FC61BBF00C197BD /* SqueezeNet.mlmodel in Sources */,
				5365BFDA1F79AAA800B8F338 /* MobileNet.mlmodel in Sources */,
				53B828F91EAAA09000E3A624 /* ViewController.swift in Sources */,
				5365BFD41F79829800B8F338 /* ImageViewController.swift in Sources */,
				53B828F71EAAA09000E3A624 /* AppDelegate.swift in Sources */,
			);
			runOnlyForDeploymentPostprocessing = 0;
		};
/* End PBXSourcesBuildPhase section */

/* Begin PBXVariantGroup section */
		53B828FA1EAAA09000E3A624 /* Main.storyboard */ = {
			isa = PBXVariantGroup;
			children = (
				53B828FB1EAAA09000E3A624 /* Base */,
			);
			name = Main.storyboard;
			sourceTree = "<group>";
		};
		53B828FF1EAAA09000E3A624 /* LaunchScreen.storyboard */ = {
			isa = PBXVariantGroup;
			children = (
				53B829001EAAA09000E3A624 /* Base */,
			);
			name = LaunchScreen.storyboard;
			sourceTree = "<group>";
		};
/* End PBXVariantGroup section */

/* Begin XCBuildConfiguration section */
		53B829031EAAA09000E3A624 /* Debug */ = {
			isa = XCBuildConfiguration;
			buildSettings = {
				ALWAYS_SEARCH_USER_PATHS = NO;
				CLANG_ANALYZER_LOCALIZABILITY_NONLOCALIZED = YES;
				CLANG_ANALYZER_NONNULL = YES;
				CLANG_CXX_LANGUAGE_STANDARD = "gnu++0x";
				CLANG_CXX_LIBRARY = "libc++";
				CLANG_ENABLE_MODULES = YES;
				CLANG_ENABLE_OBJC_ARC = YES;
				CLANG_WARN_BLOCK_CAPTURE_AUTORELEASING = YES;
				CLANG_WARN_BOOL_CONVERSION = YES;
				CLANG_WARN_COMMA = YES;
				CLANG_WARN_CONSTANT_CONVERSION = YES;
				CLANG_WARN_DEPRECATED_OBJC_IMPLEMENTATIONS = YES;
				CLANG_WARN_DIRECT_OBJC_ISA_USAGE = YES_ERROR;
				CLANG_WARN_DOCUMENTATION_COMMENTS = YES;
				CLANG_WARN_EMPTY_BODY = YES;
				CLANG_WARN_ENUM_CONVERSION = YES;
				CLANG_WARN_INFINITE_RECURSION = YES;
				CLANG_WARN_INT_CONVERSION = YES;
				CLANG_WARN_NON_LITERAL_NULL_CONVERSION = YES;
				CLANG_WARN_OBJC_IMPLICIT_RETAIN_SELF = YES;
				CLANG_WARN_OBJC_LITERAL_CONVERSION = YES;
				CLANG_WARN_OBJC_ROOT_CLASS = YES_ERROR;
				CLANG_WARN_RANGE_LOOP_ANALYSIS = YES;
				CLANG_WARN_STRICT_PROTOTYPES = YES;
				CLANG_WARN_SUSPICIOUS_MOVE = YES;
				CLANG_WARN_UNREACHABLE_CODE = YES;
				CLANG_WARN__DUPLICATE_METHOD_MATCH = YES;
				"CODE_SIGN_IDENTITY[sdk=iphoneos*]" = "iPhone Developer";
				COPY_PHASE_STRIP = NO;
				DEBUG_INFORMATION_FORMAT = dwarf;
				ENABLE_STRICT_OBJC_MSGSEND = YES;
				ENABLE_TESTABILITY = YES;
				GCC_C_LANGUAGE_STANDARD = gnu99;
				GCC_DYNAMIC_NO_PIC = NO;
				GCC_NO_COMMON_BLOCKS = YES;
				GCC_OPTIMIZATION_LEVEL = 0;
				GCC_PREPROCESSOR_DEFINITIONS = (
					"DEBUG=1",
					"$(inherited)",
				);
				GCC_WARN_64_TO_32_BIT_CONVERSION = YES;
				GCC_WARN_ABOUT_RETURN_TYPE = YES_ERROR;
				GCC_WARN_UNDECLARED_SELECTOR = YES;
				GCC_WARN_UNINITIALIZED_AUTOS = YES_AGGRESSIVE;
				GCC_WARN_UNUSED_FUNCTION = YES;
				GCC_WARN_UNUSED_VARIABLE = YES;
				IPHONEOS_DEPLOYMENT_TARGET = 10.0;
				MTL_ENABLE_DEBUG_INFO = YES;
				ONLY_ACTIVE_ARCH = YES;
				SDKROOT = iphoneos;
				SWIFT_ACTIVE_COMPILATION_CONDITIONS = DEBUG;
				SWIFT_OPTIMIZATION_LEVEL = "-Onone";
				TARGETED_DEVICE_FAMILY = "1,2";
			};
			name = Debug;
		};
		53B829041EAAA09000E3A624 /* Release */ = {
			isa = XCBuildConfiguration;
			buildSettings = {
				ALWAYS_SEARCH_USER_PATHS = NO;
				CLANG_ANALYZER_LOCALIZABILITY_NONLOCALIZED = YES;
				CLANG_ANALYZER_NONNULL = YES;
				CLANG_CXX_LANGUAGE_STANDARD = "gnu++0x";
				CLANG_CXX_LIBRARY = "libc++";
				CLANG_ENABLE_MODULES = YES;
				CLANG_ENABLE_OBJC_ARC = YES;
				CLANG_WARN_BLOCK_CAPTURE_AUTORELEASING = YES;
				CLANG_WARN_BOOL_CONVERSION = YES;
				CLANG_WARN_COMMA = YES;
				CLANG_WARN_CONSTANT_CONVERSION = YES;
				CLANG_WARN_DEPRECATED_OBJC_IMPLEMENTATIONS = YES;
				CLANG_WARN_DIRECT_OBJC_ISA_USAGE = YES_ERROR;
				CLANG_WARN_DOCUMENTATION_COMMENTS = YES;
				CLANG_WARN_EMPTY_BODY = YES;
				CLANG_WARN_ENUM_CONVERSION = YES;
				CLANG_WARN_INFINITE_RECURSION = YES;
				CLANG_WARN_INT_CONVERSION = YES;
				CLANG_WARN_NON_LITERAL_NULL_CONVERSION = YES;
				CLANG_WARN_OBJC_IMPLICIT_RETAIN_SELF = YES;
				CLANG_WARN_OBJC_LITERAL_CONVERSION = YES;
				CLANG_WARN_OBJC_ROOT_CLASS = YES_ERROR;
				CLANG_WARN_RANGE_LOOP_ANALYSIS = YES;
				CLANG_WARN_STRICT_PROTOTYPES = YES;
				CLANG_WARN_SUSPICIOUS_MOVE = YES;
				CLANG_WARN_UNREACHABLE_CODE = YES;
				CLANG_WARN__DUPLICATE_METHOD_MATCH = YES;
				"CODE_SIGN_IDENTITY[sdk=iphoneos*]" = "iPhone Developer";
				COPY_PHASE_STRIP = NO;
				DEBUG_INFORMATION_FORMAT = "dwarf-with-dsym";
				ENABLE_NS_ASSERTIONS = NO;
				ENABLE_STRICT_OBJC_MSGSEND = YES;
				GCC_C_LANGUAGE_STANDARD = gnu99;
				GCC_NO_COMMON_BLOCKS = YES;
				GCC_WARN_64_TO_32_BIT_CONVERSION = YES;
				GCC_WARN_ABOUT_RETURN_TYPE = YES_ERROR;
				GCC_WARN_UNDECLARED_SELECTOR = YES;
				GCC_WARN_UNINITIALIZED_AUTOS = YES_AGGRESSIVE;
				GCC_WARN_UNUSED_FUNCTION = YES;
				GCC_WARN_UNUSED_VARIABLE = YES;
				IPHONEOS_DEPLOYMENT_TARGET = 10.0;
				MTL_ENABLE_DEBUG_INFO = NO;
				SDKROOT = iphoneos;
				SWIFT_OPTIMIZATION_LEVEL = "-Owholemodule";
				TARGETED_DEVICE_FAMILY = "1,2";
				VALIDATE_PRODUCT = YES;
			};
			name = Release;
		};
		53B829061EAAA09000E3A624 /* Debug */ = {
			isa = XCBuildConfiguration;
			buildSettings = {
				ASSETCATALOG_COMPILER_APPICON_NAME = AppIcon;
				DEVELOPMENT_TEAM = RQ632LL2X3;
				INFOPLIST_FILE = LuminaSample/Info.plist;
				IPHONEOS_DEPLOYMENT_TARGET = 11.0;
				LD_RUNPATH_SEARCH_PATHS = "$(inherited) @executable_path/Frameworks";
				PRODUCT_BUNDLE_IDENTIFIER = com.okun.io.LuminaSample;
				PRODUCT_NAME = "$(TARGET_NAME)";
				SWIFT_VERSION = 5.0;
			};
			name = Debug;
		};
		53B829071EAAA09000E3A624 /* Release */ = {
			isa = XCBuildConfiguration;
			buildSettings = {
				ASSETCATALOG_COMPILER_APPICON_NAME = AppIcon;
				DEVELOPMENT_TEAM = RQ632LL2X3;
				INFOPLIST_FILE = LuminaSample/Info.plist;
				IPHONEOS_DEPLOYMENT_TARGET = 11.0;
				LD_RUNPATH_SEARCH_PATHS = "$(inherited) @executable_path/Frameworks";
				PRODUCT_BUNDLE_IDENTIFIER = com.okun.io.LuminaSample;
				PRODUCT_NAME = "$(TARGET_NAME)";
				SWIFT_VERSION = 5.0;
			};
			name = Release;
		};
/* End XCBuildConfiguration section */

/* Begin XCConfigurationList section */
		53B828EE1EAAA09000E3A624 /* Build configuration list for PBXProject "LuminaSample" */ = {
			isa = XCConfigurationList;
			buildConfigurations = (
				53B829031EAAA09000E3A624 /* Debug */,
				53B829041EAAA09000E3A624 /* Release */,
			);
			defaultConfigurationIsVisible = 0;
			defaultConfigurationName = Release;
		};
		53B829051EAAA09000E3A624 /* Build configuration list for PBXNativeTarget "LuminaSample" */ = {
			isa = XCConfigurationList;
			buildConfigurations = (
				53B829061EAAA09000E3A624 /* Debug */,
				53B829071EAAA09000E3A624 /* Release */,
			);
			defaultConfigurationIsVisible = 0;
			defaultConfigurationName = Release;
		};
/* End XCConfigurationList section */
	};
	rootObject = 53B828EB1EAAA09000E3A624 /* Project object */;
}
